
Microsoft Visual Studio Solution File, Format Version 12.00
# Visual Studio 15
VisualStudioVersion = 15.0.27004.2005
MinimumVisualStudioVersion = 10.0.40219.1
Project("{2150E333-8FDC-42A3-9474-1A3956D46DE8}") = "src", "src", "{A5BD5EB6-F6D7-41C9-9183-B4D52A0B6C58}"
EndProject
Project("{2150E333-8FDC-42A3-9474-1A3956D46DE8}") = "Modules", "Modules", "{59300332-756E-4A75-98CE-D4CA10199CF0}"
EndProject
Project("{2150E333-8FDC-42A3-9474-1A3956D46DE8}") = "Infrastructure", "Infrastructure", "{B65B732D-9AD3-4D31-866F-EBE480DAF61B}"
EndProject
Project("{9A19103F-16F7-4668-BE54-9A1E7A4F7556}") = "WebApplication1", "WebApplication1\WebApplication1.csproj", "{DD4A4F70-57E3-4C78-8798-238BD0A973EF}"
EndProject
Project("{9A19103F-16F7-4668-BE54-9A1E7A4F7556}") = "UdaStore.WebApp", "src\UdaStore.WebApp\UdaStore.WebApp.csproj", "{B469CCE2-4ADA-4238-B53F-6EAE61892E7D}"
EndProject
Project("{9A19103F-16F7-4668-BE54-9A1E7A4F7556}") = "UdaStore.Infrastructure", "src\Infrastructure\UdaStore.Infrastructure\UdaStore.Infrastructure.csproj", "{617CDEBF-918B-4C46-90EE-EA0D9CC7074C}"
EndProject
Project("{9A19103F-16F7-4668-BE54-9A1E7A4F7556}") = "UdaStore.Module.ActivityLog", "src\Modules\UdaStore.Module.ActivityLog\UdaStore.Module.ActivityLog.csproj", "{E6AE7C8A-2B3D-4CA7-8A53-17C9504329F0}"
EndProject
Project("{9A19103F-16F7-4668-BE54-9A1E7A4F7556}") = "UdaStore.Module.Catalog", "src\Modules\UdaStore.Module.Catalog\UdaStore.Module.Catalog.csproj", "{EABCFA50-0123-4726-B5D4-BE2B9C53F41D}"
EndProject
Project("{9A19103F-16F7-4668-BE54-9A1E7A4F7556}") = "UdaStore.Module.Cms", "src\Modules\UdaStore.Module.Cms\UdaStore.Module.Cms.csproj", "{B5A436E5-857F-4B68-BC9A-A8CFFFE7F830}"
EndProject
Project("{9A19103F-16F7-4668-BE54-9A1E7A4F7556}") = "UdaStore.Module.Core", "src\Modules\UdaStore.Module.Core\UdaStore.Module.Core.csproj", "{A7C20E29-6A1F-465F-AD93-9837BEE13915}"
EndProject
Project("{9A19103F-16F7-4668-BE54-9A1E7A4F7556}") = "UdaStore.Module.Localization", "src\Modules\UdaStore.Module.Localization\UdaStore.Module.Localization.csproj", "{5D2DDA1D-A85C-44D9-A9B6-7E25CF0E418C}"
EndProject
Project("{9A19103F-16F7-4668-BE54-9A1E7A4F7556}") = "UdaStore.Module.Orders", "src\Modules\UdaStore.Module.Orders\UdaStore.Module.Orders.csproj", "{DEDE4ED7-1568-43DC-AE89-55CAE12B6C9B}"
EndProject
Project("{9A19103F-16F7-4668-BE54-9A1E7A4F7556}") = "UdaStore.Module.Reviews", "src\Modules\UdaStore.Module.Reviews\UdaStore.Module.Reviews.csproj", "{6E4429E9-FB8A-4F10-9A4E-AE5ED7A30A59}"
EndProject
Project("{9A19103F-16F7-4668-BE54-9A1E7A4F7556}") = "UdaStore.Module.Search", "src\Modules\UdaStore.Module.Search\UdaStore.Module.Search.csproj", "{B9CB2039-54FC-451C-BEEB-8A528BE3B160}"
EndProject
Project("{9A19103F-16F7-4668-BE54-9A1E7A4F7556}") = "UdaStore.Module.Vendor", "src\Modules\UdaStore.Module.Vendor\UdaStore.Module.Vendor.csproj", "{88C60CF1-2EEF-433A-AACD-2C1915D8F826}"
EndProject
Project("{FAE04EC0-301F-11D3-BF4B-00C04F79EFBC}") = "UdaStore.Web", "src\UdaStore.Web\UdaStore.Web.csproj", "{0EC22F8F-C42C-4BB5-ACD8-3B266FBC6173}"
EndProject
Global
	GlobalSection(SolutionConfigurationPlatforms) = preSolution
		Debug|Any CPU = Debug|Any CPU
		Release|Any CPU = Release|Any CPU
	EndGlobalSection
	GlobalSection(ProjectConfigurationPlatforms) = postSolution
		{DD4A4F70-57E3-4C78-8798-238BD0A973EF}.Debug|Any CPU.ActiveCfg = Debug|Any CPU
		{DD4A4F70-57E3-4C78-8798-238BD0A973EF}.Debug|Any CPU.Build.0 = Debug|Any CPU
		{DD4A4F70-57E3-4C78-8798-238BD0A973EF}.Release|Any CPU.ActiveCfg = Release|Any CPU
		{DD4A4F70-57E3-4C78-8798-238BD0A973EF}.Release|Any CPU.Build.0 = Release|Any CPU
		{B469CCE2-4ADA-4238-B53F-6EAE61892E7D}.Debug|Any CPU.ActiveCfg = Debug|Any CPU
		{B469CCE2-4ADA-4238-B53F-6EAE61892E7D}.Debug|Any CPU.Build.0 = Debug|Any CPU
		{B469CCE2-4ADA-4238-B53F-6EAE61892E7D}.Release|Any CPU.ActiveCfg = Release|Any CPU
		{B469CCE2-4ADA-4238-B53F-6EAE61892E7D}.Release|Any CPU.Build.0 = Release|Any CPU
		{617CDEBF-918B-4C46-90EE-EA0D9CC7074C}.Debug|Any CPU.ActiveCfg = Debug|Any CPU
		{617CDEBF-918B-4C46-90EE-EA0D9CC7074C}.Debug|Any CPU.Build.0 = Debug|Any CPU
		{617CDEBF-918B-4C46-90EE-EA0D9CC7074C}.Release|Any CPU.ActiveCfg = Release|Any CPU
		{617CDEBF-918B-4C46-90EE-EA0D9CC7074C}.Release|Any CPU.Build.0 = Release|Any CPU
		{E6AE7C8A-2B3D-4CA7-8A53-17C9504329F0}.Debug|Any CPU.ActiveCfg = Debug|Any CPU
		{E6AE7C8A-2B3D-4CA7-8A53-17C9504329F0}.Debug|Any CPU.Build.0 = Debug|Any CPU
		{E6AE7C8A-2B3D-4CA7-8A53-17C9504329F0}.Release|Any CPU.ActiveCfg = Release|Any CPU
		{E6AE7C8A-2B3D-4CA7-8A53-17C9504329F0}.Release|Any CPU.Build.0 = Release|Any CPU
		{EABCFA50-0123-4726-B5D4-BE2B9C53F41D}.Debug|Any CPU.ActiveCfg = Debug|Any CPU
		{EABCFA50-0123-4726-B5D4-BE2B9C53F41D}.Debug|Any CPU.Build.0 = Debug|Any CPU
		{EABCFA50-0123-4726-B5D4-BE2B9C53F41D}.Release|Any CPU.ActiveCfg = Release|Any CPU
		{EABCFA50-0123-4726-B5D4-BE2B9C53F41D}.Release|Any CPU.Build.0 = Release|Any CPU
		{B5A436E5-857F-4B68-BC9A-A8CFFFE7F830}.Debug|Any CPU.ActiveCfg = Debug|Any CPU
		{B5A436E5-857F-4B68-BC9A-A8CFFFE7F830}.Debug|Any CPU.Build.0 = Debug|Any CPU
		{B5A436E5-857F-4B68-BC9A-A8CFFFE7F830}.Release|Any CPU.ActiveCfg = Release|Any CPU
		{B5A436E5-857F-4B68-BC9A-A8CFFFE7F830}.Release|Any CPU.Build.0 = Release|Any CPU
		{A7C20E29-6A1F-465F-AD93-9837BEE13915}.Debug|Any CPU.ActiveCfg = Debug|Any CPU
		{A7C20E29-6A1F-465F-AD93-9837BEE13915}.Debug|Any CPU.Build.0 = Debug|Any CPU
		{A7C20E29-6A1F-465F-AD93-9837BEE13915}.Release|Any CPU.ActiveCfg = Release|Any CPU
		{A7C20E29-6A1F-465F-AD93-9837BEE13915}.Release|Any CPU.Build.0 = Release|Any CPU
		{5D2DDA1D-A85C-44D9-A9B6-7E25CF0E418C}.Debug|Any CPU.ActiveCfg = Debug|Any CPU
		{5D2DDA1D-A85C-44D9-A9B6-7E25CF0E418C}.Debug|Any CPU.Build.0 = Debug|Any CPU
		{5D2DDA1D-A85C-44D9-A9B6-7E25CF0E418C}.Release|Any CPU.ActiveCfg = Release|Any CPU
		{5D2DDA1D-A85C-44D9-A9B6-7E25CF0E418C}.Release|Any CPU.Build.0 = Release|Any CPU
		{DEDE4ED7-1568-43DC-AE89-55CAE12B6C9B}.Debug|Any CPU.ActiveCfg = Debug|Any CPU
		{DEDE4ED7-1568-43DC-AE89-55CAE12B6C9B}.Debug|Any CPU.Build.0 = Debug|Any CPU
		{DEDE4ED7-1568-43DC-AE89-55CAE12B6C9B}.Release|Any CPU.ActiveCfg = Release|Any CPU
		{DEDE4ED7-1568-43DC-AE89-55CAE12B6C9B}.Release|Any CPU.Build.0 = Release|Any CPU
		{6E4429E9-FB8A-4F10-9A4E-AE5ED7A30A59}.Debug|Any CPU.ActiveCfg = Debug|Any CPU
		{6E4429E9-FB8A-4F10-9A4E-AE5ED7A30A59}.Debug|Any CPU.Build.0 = Debug|Any CPU
		{6E4429E9-FB8A-4F10-9A4E-AE5ED7A30A59}.Release|Any CPU.ActiveCfg = Release|Any CPU
		{6E4429E9-FB8A-4F10-9A4E-AE5ED7A30A59}.Release|Any CPU.Build.0 = Release|Any CPU
		{B9CB2039-54FC-451C-BEEB-8A528BE3B160}.Debug|Any CPU.ActiveCfg = Debug|Any CPU
		{B9CB2039-54FC-451C-BEEB-8A528BE3B160}.Debug|Any CPU.Build.0 = Debug|Any CPU
		{B9CB2039-54FC-451C-BEEB-8A528BE3B160}.Release|Any CPU.ActiveCfg = Release|Any CPU
		{B9CB2039-54FC-451C-BEEB-8A528BE3B160}.Release|Any CPU.Build.0 = Release|Any CPU
		{88C60CF1-2EEF-433A-AACD-2C1915D8F826}.Debug|Any CPU.ActiveCfg = Debug|Any CPU
		{88C60CF1-2EEF-433A-AACD-2C1915D8F826}.Debug|Any CPU.Build.0 = Debug|Any CPU
		{88C60CF1-2EEF-433A-AACD-2C1915D8F826}.Release|Any CPU.ActiveCfg = Release|Any CPU
		{88C60CF1-2EEF-433A-AACD-2C1915D8F826}.Release|Any CPU.Build.0 = Release|Any CPU
		{0EC22F8F-C42C-4BB5-ACD8-3B266FBC6173}.Debug|Any CPU.ActiveCfg = Debug|Any CPU
		{0EC22F8F-C42C-4BB5-ACD8-3B266FBC6173}.Debug|Any CPU.Build.0 = Debug|Any CPU
		{0EC22F8F-C42C-4BB5-ACD8-3B266FBC6173}.Release|Any CPU.ActiveCfg = Release|Any CPU
		{0EC22F8F-C42C-4BB5-ACD8-3B266FBC6173}.Release|Any CPU.Build.0 = Release|Any CPU
	EndGlobalSection
	GlobalSection(SolutionProperties) = preSolution
		HideSolutionNode = FALSE
	EndGlobalSection
	GlobalSection(NestedProjects) = preSolution
		{59300332-756E-4A75-98CE-D4CA10199CF0} = {A5BD5EB6-F6D7-41C9-9183-B4D52A0B6C58}
		{B65B732D-9AD3-4D31-866F-EBE480DAF61B} = {A5BD5EB6-F6D7-41C9-9183-B4D52A0B6C58}
		{DD4A4F70-57E3-4C78-8798-238BD0A973EF} = {A5BD5EB6-F6D7-41C9-9183-B4D52A0B6C58}
		{B469CCE2-4ADA-4238-B53F-6EAE61892E7D} = {A5BD5EB6-F6D7-41C9-9183-B4D52A0B6C58}
		{617CDEBF-918B-4C46-90EE-EA0D9CC7074C} = {B65B732D-9AD3-4D31-866F-EBE480DAF61B}
		{E6AE7C8A-2B3D-4CA7-8A53-17C9504329F0} = {59300332-756E-4A75-98CE-D4CA10199CF0}
		{EABCFA50-0123-4726-B5D4-BE2B9C53F41D} = {59300332-756E-4A75-98CE-D4CA10199CF0}
		{B5A436E5-857F-4B68-BC9A-A8CFFFE7F830} = {59300332-756E-4A75-98CE-D4CA10199CF0}
		{A7C20E29-6A1F-465F-AD93-9837BEE13915} = {59300332-756E-4A75-98CE-D4CA10199CF0}
		{5D2DDA1D-A85C-44D9-A9B6-7E25CF0E418C} = {59300332-756E-4A75-98CE-D4CA10199CF0}
		{DEDE4ED7-1568-43DC-AE89-55CAE12B6C9B} = {59300332-756E-4A75-98CE-D4CA10199CF0}
		{6E4429E9-FB8A-4F10-9A4E-AE5ED7A30A59} = {59300332-756E-4A75-98CE-D4CA10199CF0}
		{B9CB2039-54FC-451C-BEEB-8A528BE3B160} = {59300332-756E-4A75-98CE-D4CA10199CF0}
		{88C60CF1-2EEF-433A-AACD-2C1915D8F826} = {59300332-756E-4A75-98CE-D4CA10199CF0}
		{0EC22F8F-C42C-4BB5-ACD8-3B266FBC6173} = {A5BD5EB6-F6D7-41C9-9183-B4D52A0B6C58}
	EndGlobalSection
	GlobalSection(ExtensibilityGlobals) = postSolution
		SolutionGuid = {92FB8066-DB40-4B7F-86D5-6FA9E31462CE}
	EndGlobalSection
EndGlobal
